{
  "name": "powershell-sdk",
  "lockfileVersion": 3,
  "requires": true,
  "packages": {
    "": {
      "dependencies": {
        "jsonrepair": "^3.12.0"
      }
    },
    "node_modules/jsonrepair": {
      "version": "3.12.0",
      "resolved": "https://registry.npmjs.org/jsonrepair/-/jsonrepair-3.12.0.tgz",
      "integrity": "sha512-SWfjz8SuQ0wZjwsxtSJ3Zy8vvLg6aO/kxcp9TWNPGwJKgTZVfhNEQBMk/vPOpYCDFWRxD6QWuI6IHR1t615f0w==",
      "bin": {
        "jsonrepair": "bin/cli.js"
      }
    }
  }
}
