{
  "name": "powershell-sdk-builder",
  "version": "1.0.0",
  "lockfileVersion": 3,
  "requires": true,
  "packages": {
    "": {
      "name": "powershell-sdk-builder",
      "version": "1.0.0",
      "dependencies": {
        "@redocly/cli": "^2.32.2"
      }
    },
    "node_modules/@redocly/cli": {
      "version": "2.35.0",
      "resolved": "https://registry.npmjs.org/@redocly/cli/-/cli-2.35.0.tgz",
      "integrity": "sha512-p25TtRIN85KewtpPVdTuakmKHCcZkmV+ygQx2dJgvpXpNqZeoyjmnNThev1oyIc4t2h2mGkompan/LgPtG/u3g==",
      "license": "MIT",
      "bin": {
        "openapi": "bin/cli.js",
        "redocly": "bin/cli.js"
      },
      "engines": {
        "node": ">=22.12.0 || >=20.19.0 <21.0.0",
        "npm": ">=10"
      }
    }
  }
}
